
Microsoft Visual Studio Solution File, Format Version 12.00
# Visual Studio Version 16
VisualStudioVersion = 16.0.29209.62
MinimumVisualStudioVersion = 10.0.40219.1
Project("{8BC9CEB8-8B4A-11D0-8D11-00A0C91BC942}") = "Mimir", "Mimir\Mimir.vcxproj", "{118E3AE4-0C98-472E-85A9-6B5125DB9639}"
EndProject
Global
	GlobalSection(SolutionConfigurationPlatforms) = preSolution
		Debug|x64 = Debug|x64
		Debug|x86 = Debug|x86
		Release|x64 = Release|x64
		Release|x86 = Release|x86
	EndGlobalSection
	GlobalSection(ProjectConfigurationPlatforms) = postSolution
		{118E3AE4-0C98-472E-85A9-6B5125DB9639}.Debug|x64.ActiveCfg = Debug|x64
		{118E3AE4-0C98-472E-85A9-6B5125DB9639}.Debug|x64.Build.0 = Debug|x64
		{118E3AE4-0C98-472E-85A9-6B5125DB9639}.Debug|x86.ActiveCfg = Debug|Win32
		{118E3AE4-0C98-472E-85A9-6B5125DB9639}.Debug|x86.Build.0 = Debug|Win32
		{118E3AE4-0C98-472E-85A9-6B5125DB9639}.Release|x64.ActiveCfg = Release|x64
		{118E3AE4-0C98-472E-85A9-6B5125DB9639}.Release|x64.Build.0 = Release|x64
		{118E3AE4-0C98-472E-85A9-6B5125DB9639}.Release|x86.ActiveCfg = Release|Win32
		{118E3AE4-0C98-472E-85A9-6B5125DB9639}.Release|x86.Build.0 = Release|Win32
	EndGlobalSection
	GlobalSection(SolutionProperties) = preSolution
		HideSolutionNode = FALSE
	EndGlobalSection
	GlobalSection(ExtensibilityGlobals) = postSolution
		SolutionGuid = {662C4267-009D-451D-B1C2-BAE4AD7DD53F}
	EndGlobalSection
EndGlobal
